
Microsoft Visual Studio Solution File, Format Version 12.00
Project("{FAE04EC0-301F-11D3-BF4B-00C04F79EFBC}") = "OpenEQ", "OpenEQ\OpenEQ.csproj", "{1A3917DB-5837-4245-9D0F-A51C673557AF}"
EndProject
Project("{FAE04EC0-301F-11D3-BF4B-00C04F79EFBC}") = "Engine", "Engine\Engine.csproj", "{1A8C4E75-ED20-431E-A2C8-96B01D19F3AF}"
EndProject
Project("{FAE04EC0-301F-11D3-BF4B-00C04F79EFBC}") = "NsimGui", "NsimGui\NsimGui.csproj", "{DA901BC5-8F9B-4328-9EA6-9AF3F2A538FD}"
EndProject
Project("{FAE04EC0-301F-11D3-BF4B-00C04F79EFBC}") = "LegacyFileReader", "LegacyFileReader\LegacyFileReader.csproj", "{4904E549-5588-4AA3-8A7F-FD0A91642883}"
EndProject
Project("{FAE04EC0-301F-11D3-BF4B-00C04F79EFBC}") = "ConverterApp", "ConverterApp\ConverterApp.csproj", "{4A964466-60D2-40D3-9185-852D1A8891CF}"
EndProject
Global
	GlobalSection(SolutionConfigurationPlatforms) = preSolution
		Debug|Any CPU = Debug|Any CPU
		Release|Any CPU = Release|Any CPU
	EndGlobalSection
	GlobalSection(ProjectConfigurationPlatforms) = postSolution
		{1A8C4E75-ED20-431E-A2C8-96B01D19F3AF}.Debug|Any CPU.ActiveCfg = Debug|Any CPU
		{1A8C4E75-ED20-431E-A2C8-96B01D19F3AF}.Debug|Any CPU.Build.0 = Debug|Any CPU
		{1A8C4E75-ED20-431E-A2C8-96B01D19F3AF}.Release|Any CPU.ActiveCfg = Release|Any CPU
		{1A8C4E75-ED20-431E-A2C8-96B01D19F3AF}.Release|Any CPU.Build.0 = Release|Any CPU
		{DA901BC5-8F9B-4328-9EA6-9AF3F2A538FD}.Debug|Any CPU.ActiveCfg = Debug|Any CPU
		{DA901BC5-8F9B-4328-9EA6-9AF3F2A538FD}.Debug|Any CPU.Build.0 = Debug|Any CPU
		{DA901BC5-8F9B-4328-9EA6-9AF3F2A538FD}.Release|Any CPU.ActiveCfg = Release|Any CPU
		{DA901BC5-8F9B-4328-9EA6-9AF3F2A538FD}.Release|Any CPU.Build.0 = Release|Any CPU
		{1A3917DB-5837-4245-9D0F-A51C673557AF}.Debug|Any CPU.ActiveCfg = Debug|Any CPU
		{1A3917DB-5837-4245-9D0F-A51C673557AF}.Debug|Any CPU.Build.0 = Debug|Any CPU
		{1A3917DB-5837-4245-9D0F-A51C673557AF}.Release|Any CPU.ActiveCfg = Release|Any CPU
		{1A3917DB-5837-4245-9D0F-A51C673557AF}.Release|Any CPU.Build.0 = Release|Any CPU
		{4904E549-5588-4AA3-8A7F-FD0A91642883}.Debug|Any CPU.ActiveCfg = Debug|Any CPU
		{4904E549-5588-4AA3-8A7F-FD0A91642883}.Debug|Any CPU.Build.0 = Debug|Any CPU
		{4904E549-5588-4AA3-8A7F-FD0A91642883}.Release|Any CPU.ActiveCfg = Release|Any CPU
		{4904E549-5588-4AA3-8A7F-FD0A91642883}.Release|Any CPU.Build.0 = Release|Any CPU
		{4A964466-60D2-40D3-9185-852D1A8891CF}.Debug|Any CPU.ActiveCfg = Debug|Any CPU
		{4A964466-60D2-40D3-9185-852D1A8891CF}.Debug|Any CPU.Build.0 = Debug|Any CPU
		{4A964466-60D2-40D3-9185-852D1A8891CF}.Release|Any CPU.ActiveCfg = Release|Any CPU
		{4A964466-60D2-40D3-9185-852D1A8891CF}.Release|Any CPU.Build.0 = Release|Any CPU
	EndGlobalSection
EndGlobal
