
Microsoft Visual Studio Solution File, Format Version 12.00
# Visual Studio 15
VisualStudioVersion = 15.0.25807.0
MinimumVisualStudioVersion = 10.0.40219.1
Project("{FAE04EC0-301F-11D3-BF4B-00C04F79EFBC}") = "OpenEQ", "OpenEQ.csproj", "{DF804118-0F55-42C8-8E22-EC2C22A09C4E}"
EndProject
Global
	GlobalSection(SolutionConfigurationPlatforms) = preSolution
		Debug|Any CPU = Debug|Any CPU
		Debug|x64 = Debug|x64
		Release|Any CPU = Release|Any CPU
		Release|x64 = Release|x64
	EndGlobalSection
	GlobalSection(ProjectConfigurationPlatforms) = postSolution
		{DF804118-0F55-42C8-8E22-EC2C22A09C4E}.Debug|Any CPU.ActiveCfg = Debug|Any CPU
		{DF804118-0F55-42C8-8E22-EC2C22A09C4E}.Debug|Any CPU.Build.0 = Debug|Any CPU
		{DF804118-0F55-42C8-8E22-EC2C22A09C4E}.Debug|x64.ActiveCfg = Debug|x64
		{DF804118-0F55-42C8-8E22-EC2C22A09C4E}.Debug|x64.Build.0 = Debug|x64
		{DF804118-0F55-42C8-8E22-EC2C22A09C4E}.Release|Any CPU.ActiveCfg = Release|Any CPU
		{DF804118-0F55-42C8-8E22-EC2C22A09C4E}.Release|Any CPU.Build.0 = Release|Any CPU
		{DF804118-0F55-42C8-8E22-EC2C22A09C4E}.Release|x64.ActiveCfg = Release|x64
		{DF804118-0F55-42C8-8E22-EC2C22A09C4E}.Release|x64.Build.0 = Release|x64
	EndGlobalSection
	GlobalSection(SolutionProperties) = preSolution
		HideSolutionNode = FALSE
	EndGlobalSection
EndGlobal
